
Microsoft Visual Studio Solution File, Format Version 12.00
# Visual Studio Version 17
VisualStudioVersion = 17.0.31903.59
MinimumVisualStudioVersion = 10.0.40219.1
Project("{2150E333-8FDC-42A3-9474-1A3956D46DE8}") = "src", "src", "{827E0CD3-B72D-47B6-A68D-7590B98EB39B}"
EndProject
Project("{FAE04EC0-301F-11D3-BF4B-00C04F79EFBC}") = "ApiGateway", "src\ApiGateway\ApiGateway.csproj", "{212573FF-5427-49E2-9512-44590A020BA4}"
EndProject
Project("{FAE04EC0-301F-11D3-BF4B-00C04F79EFBC}") = "SampleApi", "src\SampleApi\SampleApi.csproj", "{81625F2F-35EF-4D63-822E-21DBACB6FF3D}"
EndProject
Project("{2150E333-8FDC-42A3-9474-1A3956D46DE8}") = "TokenService", "TokenService", "{D6159D0E-9F7D-A262-ED49-8A7705DAD724}"
EndProject
Project("{FAE04EC0-301F-11D3-BF4B-00C04F79EFBC}") = "TokenService.API", "src\TokenService\TokenService.API\TokenService.API.csproj", "{A845C533-08F4-4D95-8CF0-BC03F459CE3F}"
EndProject
Project("{FAE04EC0-301F-11D3-BF4B-00C04F79EFBC}") = "TokenService.Application", "src\TokenService\TokenService.Application\TokenService.Application.csproj", "{67822655-5D4D-40B5-A68A-87EA7BF26557}"
EndProject
Project("{FAE04EC0-301F-11D3-BF4B-00C04F79EFBC}") = "TokenService.Domain", "src\TokenService\TokenService.Domain\TokenService.Domain.csproj", "{9138F95F-6B86-46B4-8EA1-4EAD97B25190}"
EndProject
Project("{FAE04EC0-301F-11D3-BF4B-00C04F79EFBC}") = "TokenService.Infrastructure", "src\TokenService\TokenService.Infrastructure\TokenService.Infrastructure.csproj", "{AD7D283C-D016-455B-ACB6-FCA1B03C2ED1}"
EndProject
Project("{2150E333-8FDC-42A3-9474-1A3956D46DE8}") = "tests", "tests", "{0AB3BF05-4346-4AA6-1389-037BE0695223}"
EndProject
Project("{FAE04EC0-301F-11D3-BF4B-00C04F79EFBC}") = "TokenService.Application.Tests", "tests\TokenService.Application.Tests\TokenService.Application.Tests.csproj", "{89B688F3-87A9-44DE-8C4B-897F247EBFE4}"
EndProject
Global
	GlobalSection(SolutionConfigurationPlatforms) = preSolution
		Debug|Any CPU = Debug|Any CPU
		Debug|x64 = Debug|x64
		Debug|x86 = Debug|x86
		Release|Any CPU = Release|Any CPU
		Release|x64 = Release|x64
		Release|x86 = Release|x86
	EndGlobalSection
	GlobalSection(ProjectConfigurationPlatforms) = postSolution
		{212573FF-5427-49E2-9512-44590A020BA4}.Debug|Any CPU.ActiveCfg = Debug|Any CPU
		{212573FF-5427-49E2-9512-44590A020BA4}.Debug|Any CPU.Build.0 = Debug|Any CPU
		{212573FF-5427-49E2-9512-44590A020BA4}.Debug|x64.ActiveCfg = Debug|Any CPU
		{212573FF-5427-49E2-9512-44590A020BA4}.Debug|x64.Build.0 = Debug|Any CPU
		{212573FF-5427-49E2-9512-44590A020BA4}.Debug|x86.ActiveCfg = Debug|Any CPU
		{212573FF-5427-49E2-9512-44590A020BA4}.Debug|x86.Build.0 = Debug|Any CPU
		{212573FF-5427-49E2-9512-44590A020BA4}.Release|Any CPU.ActiveCfg = Release|Any CPU
		{212573FF-5427-49E2-9512-44590A020BA4}.Release|Any CPU.Build.0 = Release|Any CPU
		{212573FF-5427-49E2-9512-44590A020BA4}.Release|x64.ActiveCfg = Release|Any CPU
		{212573FF-5427-49E2-9512-44590A020BA4}.Release|x64.Build.0 = Release|Any CPU
		{212573FF-5427-49E2-9512-44590A020BA4}.Release|x86.ActiveCfg = Release|Any CPU
		{212573FF-5427-49E2-9512-44590A020BA4}.Release|x86.Build.0 = Release|Any CPU
		{81625F2F-35EF-4D63-822E-21DBACB6FF3D}.Debug|Any CPU.ActiveCfg = Debug|Any CPU
		{81625F2F-35EF-4D63-822E-21DBACB6FF3D}.Debug|Any CPU.Build.0 = Debug|Any CPU
		{81625F2F-35EF-4D63-822E-21DBACB6FF3D}.Debug|x64.ActiveCfg = Debug|Any CPU
		{81625F2F-35EF-4D63-822E-21DBACB6FF3D}.Debug|x64.Build.0 = Debug|Any CPU
		{81625F2F-35EF-4D63-822E-21DBACB6FF3D}.Debug|x86.ActiveCfg = Debug|Any CPU
		{81625F2F-35EF-4D63-822E-21DBACB6FF3D}.Debug|x86.Build.0 = Debug|Any CPU
		{81625F2F-35EF-4D63-822E-21DBACB6FF3D}.Release|Any CPU.ActiveCfg = Release|Any CPU
		{81625F2F-35EF-4D63-822E-21DBACB6FF3D}.Release|Any CPU.Build.0 = Release|Any CPU
		{81625F2F-35EF-4D63-822E-21DBACB6FF3D}.Release|x64.ActiveCfg = Release|Any CPU
		{81625F2F-35EF-4D63-822E-21DBACB6FF3D}.Release|x64.Build.0 = Release|Any CPU
		{81625F2F-35EF-4D63-822E-21DBACB6FF3D}.Release|x86.ActiveCfg = Release|Any CPU
		{81625F2F-35EF-4D63-822E-21DBACB6FF3D}.Release|x86.Build.0 = Release|Any CPU
		{A845C533-08F4-4D95-8CF0-BC03F459CE3F}.Debug|Any CPU.ActiveCfg = Debug|Any CPU
		{A845C533-08F4-4D95-8CF0-BC03F459CE3F}.Debug|Any CPU.Build.0 = Debug|Any CPU
		{A845C533-08F4-4D95-8CF0-BC03F459CE3F}.Debug|x64.ActiveCfg = Debug|Any CPU
		{A845C533-08F4-4D95-8CF0-BC03F459CE3F}.Debug|x64.Build.0 = Debug|Any CPU
		{A845C533-08F4-4D95-8CF0-BC03F459CE3F}.Debug|x86.ActiveCfg = Debug|Any CPU
		{A845C533-08F4-4D95-8CF0-BC03F459CE3F}.Debug|x86.Build.0 = Debug|Any CPU
		{A845C533-08F4-4D95-8CF0-BC03F459CE3F}.Release|Any CPU.ActiveCfg = Release|Any CPU
		{A845C533-08F4-4D95-8CF0-BC03F459CE3F}.Release|Any CPU.Build.0 = Release|Any CPU
		{A845C533-08F4-4D95-8CF0-BC03F459CE3F}.Release|x64.ActiveCfg = Release|Any CPU
		{A845C533-08F4-4D95-8CF0-BC03F459CE3F}.Release|x64.Build.0 = Release|Any CPU
		{A845C533-08F4-4D95-8CF0-BC03F459CE3F}.Release|x86.ActiveCfg = Release|Any CPU
		{A845C533-08F4-4D95-8CF0-BC03F459CE3F}.Release|x86.Build.0 = Release|Any CPU
		{67822655-5D4D-40B5-A68A-87EA7BF26557}.Debug|Any CPU.ActiveCfg = Debug|Any CPU
		{67822655-5D4D-40B5-A68A-87EA7BF26557}.Debug|Any CPU.Build.0 = Debug|Any CPU
		{67822655-5D4D-40B5-A68A-87EA7BF26557}.Debug|x64.ActiveCfg = Debug|Any CPU
		{67822655-5D4D-40B5-A68A-87EA7BF26557}.Debug|x64.Build.0 = Debug|Any CPU
		{67822655-5D4D-40B5-A68A-87EA7BF26557}.Debug|x86.ActiveCfg = Debug|Any CPU
		{67822655-5D4D-40B5-A68A-87EA7BF26557}.Debug|x86.Build.0 = Debug|Any CPU
		{67822655-5D4D-40B5-A68A-87EA7BF26557}.Release|Any CPU.ActiveCfg = Release|Any CPU
		{67822655-5D4D-40B5-A68A-87EA7BF26557}.Release|Any CPU.Build.0 = Release|Any CPU
		{67822655-5D4D-40B5-A68A-87EA7BF26557}.Release|x64.ActiveCfg = Release|Any CPU
		{67822655-5D4D-40B5-A68A-87EA7BF26557}.Release|x64.Build.0 = Release|Any CPU
		{67822655-5D4D-40B5-A68A-87EA7BF26557}.Release|x86.ActiveCfg = Release|Any CPU
		{67822655-5D4D-40B5-A68A-87EA7BF26557}.Release|x86.Build.0 = Release|Any CPU
		{9138F95F-6B86-46B4-8EA1-4EAD97B25190}.Debug|Any CPU.ActiveCfg = Debug|Any CPU
		{9138F95F-6B86-46B4-8EA1-4EAD97B25190}.Debug|Any CPU.Build.0 = Debug|Any CPU
		{9138F95F-6B86-46B4-8EA1-4EAD97B25190}.Debug|x64.ActiveCfg = Debug|Any CPU
		{9138F95F-6B86-46B4-8EA1-4EAD97B25190}.Debug|x64.Build.0 = Debug|Any CPU
		{9138F95F-6B86-46B4-8EA1-4EAD97B25190}.Debug|x86.ActiveCfg = Debug|Any CPU
		{9138F95F-6B86-46B4-8EA1-4EAD97B25190}.Debug|x86.Build.0 = Debug|Any CPU
		{9138F95F-6B86-46B4-8EA1-4EAD97B25190}.Release|Any CPU.ActiveCfg = Release|Any CPU
		{9138F95F-6B86-46B4-8EA1-4EAD97B25190}.Release|Any CPU.Build.0 = Release|Any CPU
		{9138F95F-6B86-46B4-8EA1-4EAD97B25190}.Release|x64.ActiveCfg = Release|Any CPU
		{9138F95F-6B86-46B4-8EA1-4EAD97B25190}.Release|x64.Build.0 = Release|Any CPU
		{9138F95F-6B86-46B4-8EA1-4EAD97B25190}.Release|x86.ActiveCfg = Release|Any CPU
		{9138F95F-6B86-46B4-8EA1-4EAD97B25190}.Release|x86.Build.0 = Release|Any CPU
		{AD7D283C-D016-455B-ACB6-FCA1B03C2ED1}.Debug|Any CPU.ActiveCfg = Debug|Any CPU
		{AD7D283C-D016-455B-ACB6-FCA1B03C2ED1}.Debug|Any CPU.Build.0 = Debug|Any CPU
		{AD7D283C-D016-455B-ACB6-FCA1B03C2ED1}.Debug|x64.ActiveCfg = Debug|Any CPU
		{AD7D283C-D016-455B-ACB6-FCA1B03C2ED1}.Debug|x64.Build.0 = Debug|Any CPU
		{AD7D283C-D016-455B-ACB6-FCA1B03C2ED1}.Debug|x86.ActiveCfg = Debug|Any CPU
		{AD7D283C-D016-455B-ACB6-FCA1B03C2ED1}.Debug|x86.Build.0 = Debug|Any CPU
		{AD7D283C-D016-455B-ACB6-FCA1B03C2ED1}.Release|Any CPU.ActiveCfg = Release|Any CPU
		{AD7D283C-D016-455B-ACB6-FCA1B03C2ED1}.Release|Any CPU.Build.0 = Release|Any CPU
		{AD7D283C-D016-455B-ACB6-FCA1B03C2ED1}.Release|x64.ActiveCfg = Release|Any CPU
		{AD7D283C-D016-455B-ACB6-FCA1B03C2ED1}.Release|x64.Build.0 = Release|Any CPU
		{AD7D283C-D016-455B-ACB6-FCA1B03C2ED1}.Release|x86.ActiveCfg = Release|Any CPU
		{AD7D283C-D016-455B-ACB6-FCA1B03C2ED1}.Release|x86.Build.0 = Release|Any CPU
		{89B688F3-87A9-44DE-8C4B-897F247EBFE4}.Debug|Any CPU.ActiveCfg = Debug|Any CPU
		{89B688F3-87A9-44DE-8C4B-897F247EBFE4}.Debug|Any CPU.Build.0 = Debug|Any CPU
		{89B688F3-87A9-44DE-8C4B-897F247EBFE4}.Debug|x64.ActiveCfg = Debug|Any CPU
		{89B688F3-87A9-44DE-8C4B-897F247EBFE4}.Debug|x64.Build.0 = Debug|Any CPU
		{89B688F3-87A9-44DE-8C4B-897F247EBFE4}.Debug|x86.ActiveCfg = Debug|Any CPU
		{89B688F3-87A9-44DE-8C4B-897F247EBFE4}.Debug|x86.Build.0 = Debug|Any CPU
		{89B688F3-87A9-44DE-8C4B-897F247EBFE4}.Release|Any CPU.ActiveCfg = Release|Any CPU
		{89B688F3-87A9-44DE-8C4B-897F247EBFE4}.Release|Any CPU.Build.0 = Release|Any CPU
		{89B688F3-87A9-44DE-8C4B-897F247EBFE4}.Release|x64.ActiveCfg = Release|Any CPU
		{89B688F3-87A9-44DE-8C4B-897F247EBFE4}.Release|x64.Build.0 = Release|Any CPU
		{89B688F3-87A9-44DE-8C4B-897F247EBFE4}.Release|x86.ActiveCfg = Release|Any CPU
		{89B688F3-87A9-44DE-8C4B-897F247EBFE4}.Release|x86.Build.0 = Release|Any CPU
	EndGlobalSection
	GlobalSection(SolutionProperties) = preSolution
		HideSolutionNode = FALSE
	EndGlobalSection
	GlobalSection(NestedProjects) = preSolution
		{212573FF-5427-49E2-9512-44590A020BA4} = {827E0CD3-B72D-47B6-A68D-7590B98EB39B}
		{81625F2F-35EF-4D63-822E-21DBACB6FF3D} = {827E0CD3-B72D-47B6-A68D-7590B98EB39B}
		{D6159D0E-9F7D-A262-ED49-8A7705DAD724} = {827E0CD3-B72D-47B6-A68D-7590B98EB39B}
		{A845C533-08F4-4D95-8CF0-BC03F459CE3F} = {D6159D0E-9F7D-A262-ED49-8A7705DAD724}
		{67822655-5D4D-40B5-A68A-87EA7BF26557} = {D6159D0E-9F7D-A262-ED49-8A7705DAD724}
		{9138F95F-6B86-46B4-8EA1-4EAD97B25190} = {D6159D0E-9F7D-A262-ED49-8A7705DAD724}
		{AD7D283C-D016-455B-ACB6-FCA1B03C2ED1} = {D6159D0E-9F7D-A262-ED49-8A7705DAD724}
		{89B688F3-87A9-44DE-8C4B-897F247EBFE4} = {0AB3BF05-4346-4AA6-1389-037BE0695223}
	EndGlobalSection
EndGlobal
